
Microsoft Visual Studio Solution File, Format Version 12.00
# Visual Studio Version 17
VisualStudioVersion = 17.0.32014.148
MinimumVisualStudioVersion = 10.0.40219.1
Project("{FAE04EC0-301F-11D3-BF4B-00C04F79EFBC}") = "ProductsShop", "ProductsShop\ProductsShop.csproj", "{CF1637FE-2ECB-4189-A912-9E895533BB54}"
EndProject
Project("{FAE04EC0-301F-11D3-BF4B-00C04F79EFBC}") = "ProductsShop.Data", "ProductsShop.Data\ProductsShop.Data.csproj", "{8AAF12CE-CD44-4274-88DA-62FB6F6EDAD2}"
EndProject
Project("{FAE04EC0-301F-11D3-BF4B-00C04F79EFBC}") = "ProductsShop.Models", "ProductsShop.Models\ProductsShop.Models.csproj", "{5B6E7530-BA71-4665-8D27-D9DD6A9AFBBC}"
EndProject
Project("{FAE04EC0-301F-11D3-BF4B-00C04F79EFBC}") = "ProductsShop.Initializer", "ProductsShop.Initializer\ProductsShop.Initializer.csproj", "{78556A19-BB06-4A75-A145-D78936D83E83}"
EndProject
Global
	GlobalSection(SolutionConfigurationPlatforms) = preSolution
		Debug|Any CPU = Debug|Any CPU
		Release|Any CPU = Release|Any CPU
	EndGlobalSection
	GlobalSection(ProjectConfigurationPlatforms) = postSolution
		{CF1637FE-2ECB-4189-A912-9E895533BB54}.Debug|Any CPU.ActiveCfg = Debug|Any CPU
		{CF1637FE-2ECB-4189-A912-9E895533BB54}.Debug|Any CPU.Build.0 = Debug|Any CPU
		{CF1637FE-2ECB-4189-A912-9E895533BB54}.Release|Any CPU.ActiveCfg = Release|Any CPU
		{CF1637FE-2ECB-4189-A912-9E895533BB54}.Release|Any CPU.Build.0 = Release|Any CPU
		{8AAF12CE-CD44-4274-88DA-62FB6F6EDAD2}.Debug|Any CPU.ActiveCfg = Debug|Any CPU
		{8AAF12CE-CD44-4274-88DA-62FB6F6EDAD2}.Debug|Any CPU.Build.0 = Debug|Any CPU
		{8AAF12CE-CD44-4274-88DA-62FB6F6EDAD2}.Release|Any CPU.ActiveCfg = Release|Any CPU
		{8AAF12CE-CD44-4274-88DA-62FB6F6EDAD2}.Release|Any CPU.Build.0 = Release|Any CPU
		{5B6E7530-BA71-4665-8D27-D9DD6A9AFBBC}.Debug|Any CPU.ActiveCfg = Debug|Any CPU
		{5B6E7530-BA71-4665-8D27-D9DD6A9AFBBC}.Debug|Any CPU.Build.0 = Debug|Any CPU
		{5B6E7530-BA71-4665-8D27-D9DD6A9AFBBC}.Release|Any CPU.ActiveCfg = Release|Any CPU
		{5B6E7530-BA71-4665-8D27-D9DD6A9AFBBC}.Release|Any CPU.Build.0 = Release|Any CPU
		{78556A19-BB06-4A75-A145-D78936D83E83}.Debug|Any CPU.ActiveCfg = Debug|Any CPU
		{78556A19-BB06-4A75-A145-D78936D83E83}.Debug|Any CPU.Build.0 = Debug|Any CPU
		{78556A19-BB06-4A75-A145-D78936D83E83}.Release|Any CPU.ActiveCfg = Release|Any CPU
		{78556A19-BB06-4A75-A145-D78936D83E83}.Release|Any CPU.Build.0 = Release|Any CPU
	EndGlobalSection
	GlobalSection(SolutionProperties) = preSolution
		HideSolutionNode = FALSE
	EndGlobalSection
	GlobalSection(ExtensibilityGlobals) = postSolution
		SolutionGuid = {F4788AC2-1553-4284-B4E0-D8F1E77E88BB}
	EndGlobalSection
EndGlobal
