
Microsoft Visual Studio Solution File, Format Version 12.00
# Visual Studio Version 17
VisualStudioVersion = 17.0.32014.148
MinimumVisualStudioVersion = 10.0.40219.1
Project("{FAE04EC0-301F-11D3-BF4B-00C04F79EFBC}") = "CarsDealer", "CarsDealer\CarsDealer.csproj", "{45E03B4C-4323-4868-A896-36CED5CFAAF6}"
EndProject
Project("{FAE04EC0-301F-11D3-BF4B-00C04F79EFBC}") = "CarsDealer.Data", "CarsDealer.Data\CarsDealer.Data.csproj", "{AC928D0C-B163-4C93-9B13-C099B7619FA4}"
EndProject
Project("{FAE04EC0-301F-11D3-BF4B-00C04F79EFBC}") = "CarsDealer.Models", "CarsDealer.Models\CarsDealer.Models.csproj", "{6C5AC669-E60A-4020-809A-245C00FE5619}"
EndProject
Project("{FAE04EC0-301F-11D3-BF4B-00C04F79EFBC}") = "CarsDealer.Initializer", "CarsDealer.Initializer\CarsDealer.Initializer.csproj", "{C67AE5A9-2F04-47E9-B11B-B7D97E2E01B1}"
EndProject
Global
	GlobalSection(SolutionConfigurationPlatforms) = preSolution
		Debug|Any CPU = Debug|Any CPU
		Release|Any CPU = Release|Any CPU
	EndGlobalSection
	GlobalSection(ProjectConfigurationPlatforms) = postSolution
		{45E03B4C-4323-4868-A896-36CED5CFAAF6}.Debug|Any CPU.ActiveCfg = Debug|Any CPU
		{45E03B4C-4323-4868-A896-36CED5CFAAF6}.Debug|Any CPU.Build.0 = Debug|Any CPU
		{45E03B4C-4323-4868-A896-36CED5CFAAF6}.Release|Any CPU.ActiveCfg = Release|Any CPU
		{45E03B4C-4323-4868-A896-36CED5CFAAF6}.Release|Any CPU.Build.0 = Release|Any CPU
		{AC928D0C-B163-4C93-9B13-C099B7619FA4}.Debug|Any CPU.ActiveCfg = Debug|Any CPU
		{AC928D0C-B163-4C93-9B13-C099B7619FA4}.Debug|Any CPU.Build.0 = Debug|Any CPU
		{AC928D0C-B163-4C93-9B13-C099B7619FA4}.Release|Any CPU.ActiveCfg = Release|Any CPU
		{AC928D0C-B163-4C93-9B13-C099B7619FA4}.Release|Any CPU.Build.0 = Release|Any CPU
		{6C5AC669-E60A-4020-809A-245C00FE5619}.Debug|Any CPU.ActiveCfg = Debug|Any CPU
		{6C5AC669-E60A-4020-809A-245C00FE5619}.Debug|Any CPU.Build.0 = Debug|Any CPU
		{6C5AC669-E60A-4020-809A-245C00FE5619}.Release|Any CPU.ActiveCfg = Release|Any CPU
		{6C5AC669-E60A-4020-809A-245C00FE5619}.Release|Any CPU.Build.0 = Release|Any CPU
		{C67AE5A9-2F04-47E9-B11B-B7D97E2E01B1}.Debug|Any CPU.ActiveCfg = Debug|Any CPU
		{C67AE5A9-2F04-47E9-B11B-B7D97E2E01B1}.Debug|Any CPU.Build.0 = Debug|Any CPU
		{C67AE5A9-2F04-47E9-B11B-B7D97E2E01B1}.Release|Any CPU.ActiveCfg = Release|Any CPU
		{C67AE5A9-2F04-47E9-B11B-B7D97E2E01B1}.Release|Any CPU.Build.0 = Release|Any CPU
	EndGlobalSection
	GlobalSection(SolutionProperties) = preSolution
		HideSolutionNode = FALSE
	EndGlobalSection
	GlobalSection(ExtensibilityGlobals) = postSolution
		SolutionGuid = {53F1E217-9445-45C4-8B6B-9A08080B8962}
	EndGlobalSection
EndGlobal
